
Microsoft Visual Studio Solution File, Format Version 12.00
# Visual Studio Version 16
VisualStudioVersion = 25.0.1706.4
MinimumVisualStudioVersion = 10.0.40219.1
Project("{FAE04EC0-301F-11D3-BF4B-00C04F79EFBC}") = "Labsheet5", "Labsheet5\Labsheet5.csproj", "{3F3739E7-E5BB-4E49-8218-76954EEEC0FF}"
EndProject
Global
	GlobalSection(SolutionConfigurationPlatforms) = preSolution
		Debug|Any CPU = Debug|Any CPU
		Release|Any CPU = Release|Any CPU
	EndGlobalSection
	GlobalSection(ProjectConfigurationPlatforms) = postSolution
		{3F3739E7-E5BB-4E49-8218-76954EEEC0FF}.Debug|Any CPU.ActiveCfg = Debug|Any CPU
		{3F3739E7-E5BB-4E49-8218-76954EEEC0FF}.Debug|Any CPU.Build.0 = Debug|Any CPU
		{3F3739E7-E5BB-4E49-8218-76954EEEC0FF}.Release|Any CPU.ActiveCfg = Release|Any CPU
		{3F3739E7-E5BB-4E49-8218-76954EEEC0FF}.Release|Any CPU.Build.0 = Release|Any CPU
	EndGlobalSection
	GlobalSection(SolutionProperties) = preSolution
		HideSolutionNode = FALSE
	EndGlobalSection
	GlobalSection(ExtensibilityGlobals) = postSolution
		SolutionGuid = {E93179F4-4F55-44D8-90AE-B044E4D35F7E}
	EndGlobalSection
EndGlobal
